// !$*UTF8*$!
{
	archiveVersion = 1;
	classes = {
	};
	objectVersion = 46;
	objects = {

/* Begin PBXBuildFile section */
		929E31601BDB40DD007B7ABB /* diqizhang11.c in Sources */ = {isa = PBXBuildFile; fileRef = 929E315F1BDB40DD007B7ABB /* diqizhang11.c */; settings = {ASSET_TAGS = (); }; };
		929E31621BDB5DB2007B7ABB /* diqizhang12.c in Sources */ = {isa = PBXBuildFile; fileRef = 929E31611BDB5DB2007B7ABB /* diqizhang12.c */; settings = {ASSET_TAGS = (); }; };
/* End PBXBuildFile section */

/* Begin PBXCopyFilesBuildPhase section */
		92835AF31BD9C70C0093C5A4 /* CopyFiles */ = {
			isa = PBXCopyFilesBuildPhase;
			buildActionMask = 2147483647;
			dstPath = /usr/share/man/man1/;
			dstSubfolderSpec = 0;
			files = (
			);
			runOnlyForDeploymentPostprocessing = 1;
		};
/* End PBXCopyFilesBuildPhase section */

/* Begin PBXFileReference section */
		92835AF51BD9C70C0093C5A4 /* diqizhang */ = {isa = PBXFileReference; explicitFileType = "compiled.mach-o.executable"; includeInIndex = 0; path = diqizhang; sourceTree = BUILT_PRODUCTS_DIR; };
		92835AF81BD9C70C0093C5A4 /* main.c */ = {isa = PBXFileReference; lastKnownFileType = sourcecode.c.c; path = main.c; sourceTree = "<group>"; };
		92835AFF1BD9D6460093C5A4 /* diqizhang1.c */ = {isa = PBXFileReference; fileEncoding = 4; lastKnownFileType = sourcecode.c.c; path = diqizhang1.c; sourceTree = "<group>"; };
		92835B011BDA1EC30093C5A4 /* diqizhang2.c */ = {isa = PBXFileReference; fileEncoding = 4; lastKnownFileType = sourcecode.c.c; path = diqizhang2.c; sourceTree = "<group>"; };
		92835B031BDA22840093C5A4 /* diqizhang3.c */ = {isa = PBXFileReference; fileEncoding = 4; lastKnownFileType = sourcecode.c.c; path = diqizhang3.c; sourceTree = "<group>"; };
		92835B051BDA2EC30093C5A4 /* diqizhang4.c */ = {isa = PBXFileReference; fileEncoding = 4; lastKnownFileType = sourcecode.c.c; path = diqizhang4.c; sourceTree = "<group>"; };
		92835B071BDA478A0093C5A4 /* diqizhang5.c */ = {isa = PBXFileReference; fileEncoding = 4; lastKnownFileType = sourcecode.c.c; path = diqizhang5.c; sourceTree = "<group>"; };
		92835B091BDA52ED0093C5A4 /* diqizhang6.c */ = {isa = PBXFileReference; fileEncoding = 4; lastKnownFileType = sourcecode.c.c; path = diqizhang6.c; sourceTree = "<group>"; };
		92835B0B1BDA572C0093C5A4 /* diqizhang7.c */ = {isa = PBXFileReference; fileEncoding = 4; lastKnownFileType = sourcecode.c.c; path = diqizhang7.c; sourceTree = "<group>"; };
		929E31591BDB1C17007B7ABB /* diqizhang8.c */ = {isa = PBXFileReference; fileEncoding = 4; lastKnownFileType = sourcecode.c.c; path = diqizhang8.c; sourceTree = "<group>"; };
		929E315B1BDB243A007B7ABB /* diqizhang9.c */ = {isa = PBXFileReference; fileEncoding = 4; lastKnownFileType = sourcecode.c.c; path = diqizhang9.c; sourceTree = "<group>"; };
		929E315D1BDB3008007B7ABB /* diqizhang10.c */ = {isa = PBXFileReference; fileEncoding = 4; lastKnownFileType = sourcecode.c.c; path = diqizhang10.c; sourceTree = "<group>"; };
		929E315F1BDB40DD007B7ABB /* diqizhang11.c */ = {isa = PBXFileReference; fileEncoding = 4; lastKnownFileType = sourcecode.c.c; path = diqizhang11.c; sourceTree = "<group>"; };
		929E31611BDB5DB2007B7ABB /* diqizhang12.c */ = {isa = PBXFileReference; fileEncoding = 4; lastKnownFileType = sourcecode.c.c; path = diqizhang12.c; sourceTree = "<group>"; };
/* End PBXFileReference section */

/* Begin PBXFrameworksBuildPhase section */
		92835AF21BD9C70C0093C5A4 /* Frameworks */ = {
			isa = PBXFrameworksBuildPhase;
			buildActionMask = 2147483647;
			files = (
			);
			runOnlyForDeploymentPostprocessing = 0;
		};
/* End PBXFrameworksBuildPhase section */

/* Begin PBXGroup section */
		92835AEC1BD9C70C0093C5A4 = {
			isa = PBXGroup;
			children = (
				92835AF71BD9C70C0093C5A4 /* diqizhang */,
				92835AF61BD9C70C0093C5A4 /* Products */,
			);
			sourceTree = "<group>";
		};
		92835AF61BD9C70C0093C5A4 /* Products */ = {
			isa = PBXGroup;
			children = (
				92835AF51BD9C70C0093C5A4 /* diqizhang */,
			);
			name = Products;
			sourceTree = "<group>";
		};
		92835AF71BD9C70C0093C5A4 /* diqizhang */ = {
			isa = PBXGroup;
			children = (
				92835AF81BD9C70C0093C5A4 /* main.c */,
				92835AFF1BD9D6460093C5A4 /* diqizhang1.c */,
				92835B011BDA1EC30093C5A4 /* diqizhang2.c */,
				92835B031BDA22840093C5A4 /* diqizhang3.c */,
				92835B051BDA2EC30093C5A4 /* diqizhang4.c */,
				92835B071BDA478A0093C5A4 /* diqizhang5.c */,
				92835B091BDA52ED0093C5A4 /* diqizhang6.c */,
				92835B0B1BDA572C0093C5A4 /* diqizhang7.c */,
				929E31591BDB1C17007B7ABB /* diqizhang8.c */,
				929E315B1BDB243A007B7ABB /* diqizhang9.c */,
				929E315D1BDB3008007B7ABB /* diqizhang10.c */,
				929E315F1BDB40DD007B7ABB /* diqizhang11.c */,
				929E31611BDB5DB2007B7ABB /* diqizhang12.c */,
			);
			path = diqizhang;
			sourceTree = "<group>";
		};
/* End PBXGroup section */

/* Begin PBXNativeTarget section */
		92835AF41BD9C70C0093C5A4 /* diqizhang */ = {
			isa = PBXNativeTarget;
			buildConfigurationList = 92835AFC1BD9C70C0093C5A4 /* Build configuration list for PBXNativeTarget "diqizhang" */;
			buildPhases = (
				92835AF11BD9C70C0093C5A4 /* Sources */,
				92835AF21BD9C70C0093C5A4 /* Frameworks */,
				92835AF31BD9C70C0093C5A4 /* CopyFiles */,
			);
			buildRules = (
			);
			dependencies = (
			);
			name = diqizhang;
			productName = diqizhang;
			productReference = 92835AF51BD9C70C0093C5A4 /* diqizhang */;
			productType = "com.apple.product-type.tool";
		};
/* End PBXNativeTarget section */

/* Begin PBXProject section */
		92835AED1BD9C70C0093C5A4 /* Project object */ = {
			isa = PBXProject;
			attributes = {
				LastUpgradeCheck = 0700;
				ORGANIZATIONNAME = csii;
				TargetAttributes = {
					92835AF41BD9C70C0093C5A4 = {
						CreatedOnToolsVersion = 7.0.1;
					};
				};
			};
			buildConfigurationList = 92835AF01BD9C70C0093C5A4 /* Build configuration list for PBXProject "diqizhang" */;
			compatibilityVersion = "Xcode 3.2";
			developmentRegion = English;
			hasScannedForEncodings = 0;
			knownRegions = (
				en,
			);
			mainGroup = 92835AEC1BD9C70C0093C5A4;
			productRefGroup = 92835AF61BD9C70C0093C5A4 /* Products */;
			projectDirPath = "";
			projectRoot = "";
			targets = (
				92835AF41BD9C70C0093C5A4 /* diqizhang */,
			);
		};
/* End PBXProject section */

/* Begin PBXSourcesBuildPhase section */
		92835AF11BD9C70C0093C5A4 /* Sources */ = {
			isa = PBXSourcesBuildPhase;
			buildActionMask = 2147483647;
			files = (
				929E31621BDB5DB2007B7ABB /* diqizhang12.c in Sources */,
				929E31601BDB40DD007B7ABB /* diqizhang11.c in Sources */,
			);
			runOnlyForDeploymentPostprocessing = 0;
		};
/* End PBXSourcesBuildPhase section */

/* Begin XCBuildConfiguration section */
		92835AFA1BD9C70C0093C5A4 /* Debug */ = {
			isa = XCBuildConfiguration;
			buildSettings = {
				ALWAYS_SEARCH_USER_PATHS = NO;
				CLANG_CXX_LANGUAGE_STANDARD = "gnu++0x";
				CLANG_CXX_LIBRARY = "libc++";
				CLANG_ENABLE_MODULES = YES;
				CLANG_ENABLE_OBJC_ARC = YES;
				CLANG_WARN_BOOL_CONVERSION = YES;
				CLANG_WARN_CONSTANT_CONVERSION = YES;
				CLANG_WARN_DIRECT_OBJC_ISA_USAGE = YES_ERROR;
				CLANG_WARN_EMPTY_BODY = YES;
				CLANG_WARN_ENUM_CONVERSION = YES;
				CLANG_WARN_INT_CONVERSION = YES;
				CLANG_WARN_OBJC_ROOT_CLASS = YES_ERROR;
				CLANG_WARN_UNREACHABLE_CODE = YES;
				CLANG_WARN__DUPLICATE_METHOD_MATCH = YES;
				COPY_PHASE_STRIP = NO;
				DEBUG_INFORMATION_FORMAT = dwarf;
				ENABLE_STRICT_OBJC_MSGSEND = YES;
				ENABLE_TESTABILITY = YES;
				GCC_C_LANGUAGE_STANDARD = gnu99;
				GCC_DYNAMIC_NO_PIC = NO;
				GCC_NO_COMMON_BLOCKS = YES;
				GCC_OPTIMIZATION_LEVEL = 0;
				GCC_PREPROCESSOR_DEFINITIONS = (
					"DEBUG=1",
					"$(inherited)",
				);
				GCC_WARN_64_TO_32_BIT_CONVERSION = YES;
				GCC_WARN_ABOUT_RETURN_TYPE = YES_ERROR;
				GCC_WARN_UNDECLARED_SELECTOR = YES;
				GCC_WARN_UNINITIALIZED_AUTOS = YES_AGGRESSIVE;
				GCC_WARN_UNUSED_FUNCTION = YES;
				GCC_WARN_UNUSED_VARIABLE = YES;
				MACOSX_DEPLOYMENT_TARGET = 10.10;
				MTL_ENABLE_DEBUG_INFO = YES;
				ONLY_ACTIVE_ARCH = YES;
				SDKROOT = macosx;
			};
			name = Debug;
		};
		92835AFB1BD9C70C0093C5A4 /* Release */ = {
			isa = XCBuildConfiguration;
			buildSettings = {
				ALWAYS_SEARCH_USER_PATHS = NO;
				CLANG_CXX_LANGUAGE_STANDARD = "gnu++0x";
				CLANG_CXX_LIBRARY = "libc++";
				CLANG_ENABLE_MODULES = YES;
				CLANG_ENABLE_OBJC_ARC = YES;
				CLANG_WARN_BOOL_CONVERSION = YES;
				CLANG_WARN_CONSTANT_CONVERSION = YES;
				CLANG_WARN_DIRECT_OBJC_ISA_USAGE = YES_ERROR;
				CLANG_WARN_EMPTY_BODY = YES;
				CLANG_WARN_ENUM_CONVERSION = YES;
				CLANG_WARN_INT_CONVERSION = YES;
				CLANG_WARN_OBJC_ROOT_CLASS = YES_ERROR;
				CLANG_WARN_UNREACHABLE_CODE = YES;
				CLANG_WARN__DUPLICATE_METHOD_MATCH = YES;
				COPY_PHASE_STRIP = NO;
				DEBUG_INFORMATION_FORMAT = "dwarf-with-dsym";
				ENABLE_NS_ASSERTIONS = NO;
				ENABLE_STRICT_OBJC_MSGSEND = YES;
				GCC_C_LANGUAGE_STANDARD = gnu99;
				GCC_NO_COMMON_BLOCKS = YES;
				GCC_WARN_64_TO_32_BIT_CONVERSION = YES;
				GCC_WARN_ABOUT_RETURN_TYPE = YES_ERROR;
				GCC_WARN_UNDECLARED_SELECTOR = YES;
				GCC_WARN_UNINITIALIZED_AUTOS = YES_AGGRESSIVE;
				GCC_WARN_UNUSED_FUNCTION = YES;
				GCC_WARN_UNUSED_VARIABLE = YES;
				MACOSX_DEPLOYMENT_TARGET = 10.10;
				MTL_ENABLE_DEBUG_INFO = NO;
				SDKROOT = macosx;
			};
			name = Release;
		};
		92835AFD1BD9C70C0093C5A4 /* Debug */ = {
			isa = XCBuildConfiguration;
			buildSettings = {
				PRODUCT_NAME = "$(TARGET_NAME)";
			};
			name = Debug;
		};
		92835AFE1BD9C70C0093C5A4 /* Release */ = {
			isa = XCBuildConfiguration;
			buildSettings = {
				PRODUCT_NAME = "$(TARGET_NAME)";
			};
			name = Release;
		};
/* End XCBuildConfiguration section */

/* Begin XCConfigurationList section */
		92835AF01BD9C70C0093C5A4 /* Build configuration list for PBXProject "diqizhang" */ = {
			isa = XCConfigurationList;
			buildConfigurations = (
				92835AFA1BD9C70C0093C5A4 /* Debug */,
				92835AFB1BD9C70C0093C5A4 /* Release */,
			);
			defaultConfigurationIsVisible = 0;
			defaultConfigurationName = Release;
		};
		92835AFC1BD9C70C0093C5A4 /* Build configuration list for PBXNativeTarget "diqizhang" */ = {
			isa = XCConfigurationList;
			buildConfigurations = (
				92835AFD1BD9C70C0093C5A4 /* Debug */,
				92835AFE1BD9C70C0093C5A4 /* Release */,
			);
			defaultConfigurationIsVisible = 0;
			defaultConfigurationName = Release;
		};
/* End XCConfigurationList section */
	};
	rootObject = 92835AED1BD9C70C0093C5A4 /* Project object */;
}
