// !$*UTF8*$!
{
	archiveVersion = 1;
	classes = {
	};
	objectVersion = 46;
	objects = {

/* Begin PBXBuildFile section */
		AA82FE201FC6BCE7005EA31F /* main.c in Sources */ = {isa = PBXBuildFile; fileRef = 92ABD3EC1C81870700AC953B /* main.c */; };
/* End PBXBuildFile section */

/* Begin PBXCopyFilesBuildPhase section */
		92ABD3E71C81870700AC953B /* CopyFiles */ = {
			isa = PBXCopyFilesBuildPhase;
			buildActionMask = 2147483647;
			dstPath = /usr/share/man/man1/;
			dstSubfolderSpec = 0;
			files = (
			);
			runOnlyForDeploymentPostprocessing = 1;
		};
/* End PBXCopyFilesBuildPhase section */

/* Begin PBXFileReference section */
		9287EF101CB0F049003DFE39 /* swap.c */ = {isa = PBXFileReference; fileEncoding = 4; lastKnownFileType = sourcecode.c.c; path = swap.c; sourceTree = "<group>"; };
		92ABD3E91C81870700AC953B /* fanzhuandanxianglianbiao */ = {isa = PBXFileReference; explicitFileType = "compiled.mach-o.executable"; includeInIndex = 0; path = fanzhuandanxianglianbiao; sourceTree = BUILT_PRODUCTS_DIR; };
		92ABD3EC1C81870700AC953B /* main.c */ = {isa = PBXFileReference; lastKnownFileType = sourcecode.c.c; path = main.c; sourceTree = "<group>"; };
		92B4C80C1CE2CA2800EA80CF /* bubble_sort.c */ = {isa = PBXFileReference; fileEncoding = 4; lastKnownFileType = sourcecode.c.c; path = bubble_sort.c; sourceTree = "<group>"; };
/* End PBXFileReference section */

/* Begin PBXFrameworksBuildPhase section */
		92ABD3E61C81870700AC953B /* Frameworks */ = {
			isa = PBXFrameworksBuildPhase;
			buildActionMask = 2147483647;
			files = (
			);
			runOnlyForDeploymentPostprocessing = 0;
		};
/* End PBXFrameworksBuildPhase section */

/* Begin PBXGroup section */
		92ABD3E01C81870700AC953B = {
			isa = PBXGroup;
			children = (
				92ABD3EB1C81870700AC953B /* fanzhuandanxianglianbiao */,
				92ABD3EA1C81870700AC953B /* Products */,
			);
			sourceTree = "<group>";
		};
		92ABD3EA1C81870700AC953B /* Products */ = {
			isa = PBXGroup;
			children = (
				92ABD3E91C81870700AC953B /* fanzhuandanxianglianbiao */,
			);
			name = Products;
			sourceTree = "<group>";
		};
		92ABD3EB1C81870700AC953B /* fanzhuandanxianglianbiao */ = {
			isa = PBXGroup;
			children = (
				92ABD3EC1C81870700AC953B /* main.c */,
				9287EF101CB0F049003DFE39 /* swap.c */,
				92B4C80C1CE2CA2800EA80CF /* bubble_sort.c */,
			);
			path = fanzhuandanxianglianbiao;
			sourceTree = "<group>";
		};
/* End PBXGroup section */

/* Begin PBXNativeTarget section */
		92ABD3E81C81870700AC953B /* fanzhuandanxianglianbiao */ = {
			isa = PBXNativeTarget;
			buildConfigurationList = 92ABD3F01C81870700AC953B /* Build configuration list for PBXNativeTarget "fanzhuandanxianglianbiao" */;
			buildPhases = (
				92ABD3E51C81870700AC953B /* Sources */,
				92ABD3E61C81870700AC953B /* Frameworks */,
				92ABD3E71C81870700AC953B /* CopyFiles */,
			);
			buildRules = (
			);
			dependencies = (
			);
			name = fanzhuandanxianglianbiao;
			productName = fanzhuandanxianglianbiao;
			productReference = 92ABD3E91C81870700AC953B /* fanzhuandanxianglianbiao */;
			productType = "com.apple.product-type.tool";
		};
/* End PBXNativeTarget section */

/* Begin PBXProject section */
		92ABD3E11C81870700AC953B /* Project object */ = {
			isa = PBXProject;
			attributes = {
				LastUpgradeCheck = 0720;
				ORGANIZATIONNAME = csiii;
				TargetAttributes = {
					92ABD3E81C81870700AC953B = {
						CreatedOnToolsVersion = 7.2.1;
					};
				};
			};
			buildConfigurationList = 92ABD3E41C81870700AC953B /* Build configuration list for PBXProject "fanzhuandanxianglianbiao" */;
			compatibilityVersion = "Xcode 3.2";
			developmentRegion = English;
			hasScannedForEncodings = 0;
			knownRegions = (
				en,
			);
			mainGroup = 92ABD3E01C81870700AC953B;
			productRefGroup = 92ABD3EA1C81870700AC953B /* Products */;
			projectDirPath = "";
			projectRoot = "";
			targets = (
				92ABD3E81C81870700AC953B /* fanzhuandanxianglianbiao */,
			);
		};
/* End PBXProject section */

/* Begin PBXSourcesBuildPhase section */
		92ABD3E51C81870700AC953B /* Sources */ = {
			isa = PBXSourcesBuildPhase;
			buildActionMask = 2147483647;
			files = (
				AA82FE201FC6BCE7005EA31F /* main.c in Sources */,
			);
			runOnlyForDeploymentPostprocessing = 0;
		};
/* End PBXSourcesBuildPhase section */

/* Begin XCBuildConfiguration section */
		92ABD3EE1C81870700AC953B /* Debug */ = {
			isa = XCBuildConfiguration;
			buildSettings = {
				ALWAYS_SEARCH_USER_PATHS = NO;
				CLANG_CXX_LANGUAGE_STANDARD = "gnu++0x";
				CLANG_CXX_LIBRARY = "libc++";
				CLANG_ENABLE_MODULES = YES;
				CLANG_ENABLE_OBJC_ARC = YES;
				CLANG_WARN_BOOL_CONVERSION = YES;
				CLANG_WARN_CONSTANT_CONVERSION = YES;
				CLANG_WARN_DIRECT_OBJC_ISA_USAGE = YES_ERROR;
				CLANG_WARN_EMPTY_BODY = YES;
				CLANG_WARN_ENUM_CONVERSION = YES;
				CLANG_WARN_INT_CONVERSION = YES;
				CLANG_WARN_OBJC_ROOT_CLASS = YES_ERROR;
				CLANG_WARN_UNREACHABLE_CODE = YES;
				CLANG_WARN__DUPLICATE_METHOD_MATCH = YES;
				CODE_SIGN_IDENTITY = "-";
				COPY_PHASE_STRIP = NO;
				DEBUG_INFORMATION_FORMAT = dwarf;
				ENABLE_STRICT_OBJC_MSGSEND = YES;
				ENABLE_TESTABILITY = YES;
				GCC_C_LANGUAGE_STANDARD = gnu99;
				GCC_DYNAMIC_NO_PIC = NO;
				GCC_NO_COMMON_BLOCKS = YES;
				GCC_OPTIMIZATION_LEVEL = 0;
				GCC_PREPROCESSOR_DEFINITIONS = (
					"DEBUG=1",
					"$(inherited)",
				);
				GCC_WARN_64_TO_32_BIT_CONVERSION = YES;
				GCC_WARN_ABOUT_RETURN_TYPE = YES_ERROR;
				GCC_WARN_UNDECLARED_SELECTOR = YES;
				GCC_WARN_UNINITIALIZED_AUTOS = YES_AGGRESSIVE;
				GCC_WARN_UNUSED_FUNCTION = YES;
				GCC_WARN_UNUSED_VARIABLE = YES;
				MACOSX_DEPLOYMENT_TARGET = 10.11;
				MTL_ENABLE_DEBUG_INFO = YES;
				ONLY_ACTIVE_ARCH = YES;
				SDKROOT = macosx;
			};
			name = Debug;
		};
		92ABD3EF1C81870700AC953B /* Release */ = {
			isa = XCBuildConfiguration;
			buildSettings = {
				ALWAYS_SEARCH_USER_PATHS = NO;
				CLANG_CXX_LANGUAGE_STANDARD = "gnu++0x";
				CLANG_CXX_LIBRARY = "libc++";
				CLANG_ENABLE_MODULES = YES;
				CLANG_ENABLE_OBJC_ARC = YES;
				CLANG_WARN_BOOL_CONVERSION = YES;
				CLANG_WARN_CONSTANT_CONVERSION = YES;
				CLANG_WARN_DIRECT_OBJC_ISA_USAGE = YES_ERROR;
				CLANG_WARN_EMPTY_BODY = YES;
				CLANG_WARN_ENUM_CONVERSION = YES;
				CLANG_WARN_INT_CONVERSION = YES;
				CLANG_WARN_OBJC_ROOT_CLASS = YES_ERROR;
				CLANG_WARN_UNREACHABLE_CODE = YES;
				CLANG_WARN__DUPLICATE_METHOD_MATCH = YES;
				CODE_SIGN_IDENTITY = "-";
				COPY_PHASE_STRIP = NO;
				DEBUG_INFORMATION_FORMAT = "dwarf-with-dsym";
				ENABLE_NS_ASSERTIONS = NO;
				ENABLE_STRICT_OBJC_MSGSEND = YES;
				GCC_C_LANGUAGE_STANDARD = gnu99;
				GCC_NO_COMMON_BLOCKS = YES;
				GCC_WARN_64_TO_32_BIT_CONVERSION = YES;
				GCC_WARN_ABOUT_RETURN_TYPE = YES_ERROR;
				GCC_WARN_UNDECLARED_SELECTOR = YES;
				GCC_WARN_UNINITIALIZED_AUTOS = YES_AGGRESSIVE;
				GCC_WARN_UNUSED_FUNCTION = YES;
				GCC_WARN_UNUSED_VARIABLE = YES;
				MACOSX_DEPLOYMENT_TARGET = 10.11;
				MTL_ENABLE_DEBUG_INFO = NO;
				SDKROOT = macosx;
			};
			name = Release;
		};
		92ABD3F11C81870700AC953B /* Debug */ = {
			isa = XCBuildConfiguration;
			buildSettings = {
				PRODUCT_NAME = "$(TARGET_NAME)";
			};
			name = Debug;
		};
		92ABD3F21C81870700AC953B /* Release */ = {
			isa = XCBuildConfiguration;
			buildSettings = {
				PRODUCT_NAME = "$(TARGET_NAME)";
			};
			name = Release;
		};
/* End XCBuildConfiguration section */

/* Begin XCConfigurationList section */
		92ABD3E41C81870700AC953B /* Build configuration list for PBXProject "fanzhuandanxianglianbiao" */ = {
			isa = XCConfigurationList;
			buildConfigurations = (
				92ABD3EE1C81870700AC953B /* Debug */,
				92ABD3EF1C81870700AC953B /* Release */,
			);
			defaultConfigurationIsVisible = 0;
			defaultConfigurationName = Release;
		};
		92ABD3F01C81870700AC953B /* Build configuration list for PBXNativeTarget "fanzhuandanxianglianbiao" */ = {
			isa = XCConfigurationList;
			buildConfigurations = (
				92ABD3F11C81870700AC953B /* Debug */,
				92ABD3F21C81870700AC953B /* Release */,
			);
			defaultConfigurationIsVisible = 0;
			defaultConfigurationName = Release;
		};
/* End XCConfigurationList section */
	};
	rootObject = 92ABD3E11C81870700AC953B /* Project object */;
}
