// !$*UTF8*$!
{
	archiveVersion = 1;
	classes = {
	};
	objectVersion = 46;
	objects = {

/* Begin PBXBuildFile section */
		92ABDD2C1BE20A890083C056 /* dishizhang15.c in Sources */ = {isa = PBXBuildFile; fileRef = 92ABDD2B1BE20A890083C056 /* dishizhang15.c */; settings = {ASSET_TAGS = (); }; };
/* End PBXBuildFile section */

/* Begin PBXCopyFilesBuildPhase section */
		921298761BDF792800819894 /* CopyFiles */ = {
			isa = PBXCopyFilesBuildPhase;
			buildActionMask = 2147483647;
			dstPath = /usr/share/man/man1/;
			dstSubfolderSpec = 0;
			files = (
			);
			runOnlyForDeploymentPostprocessing = 1;
		};
/* End PBXCopyFilesBuildPhase section */

/* Begin PBXFileReference section */
		920B58C21BE0552500343811 /* dishizhang1.c */ = {isa = PBXFileReference; fileEncoding = 4; lastKnownFileType = sourcecode.c.c; path = dishizhang1.c; sourceTree = "<group>"; };
		920B58C51BE05CA800343811 /* dishizhang2.c */ = {isa = PBXFileReference; fileEncoding = 4; lastKnownFileType = sourcecode.c.c; path = dishizhang2.c; sourceTree = "<group>"; };
		921298781BDF792800819894 /* dishizhang */ = {isa = PBXFileReference; explicitFileType = "compiled.mach-o.executable"; includeInIndex = 0; path = dishizhang; sourceTree = BUILT_PRODUCTS_DIR; };
		9212987B1BDF792800819894 /* main.c */ = {isa = PBXFileReference; lastKnownFileType = sourcecode.c.c; path = main.c; sourceTree = "<group>"; };
		92ABDD1F1BE1BB600083C056 /* dishizhang12.c */ = {isa = PBXFileReference; fileEncoding = 4; lastKnownFileType = sourcecode.c.c; path = dishizhang12.c; sourceTree = "<group>"; };
		92ABDD271BE1F1380083C056 /* dishizhang13.c */ = {isa = PBXFileReference; fileEncoding = 4; lastKnownFileType = sourcecode.c.c; path = dishizhang13.c; sourceTree = "<group>"; };
		92ABDD291BE1FD7B0083C056 /* dishizhang14.c */ = {isa = PBXFileReference; fileEncoding = 4; lastKnownFileType = sourcecode.c.c; path = dishizhang14.c; sourceTree = "<group>"; };
		92ABDD2B1BE20A890083C056 /* dishizhang15.c */ = {isa = PBXFileReference; fileEncoding = 4; lastKnownFileType = sourcecode.c.c; path = dishizhang15.c; sourceTree = "<group>"; };
		92BC6C8D1BE0856800948692 /* dishizhang3.c */ = {isa = PBXFileReference; fileEncoding = 4; lastKnownFileType = sourcecode.c.c; path = dishizhang3.c; sourceTree = "<group>"; };
		92BC6C8F1BE09EBA00948692 /* dishizhang4.c */ = {isa = PBXFileReference; fileEncoding = 4; lastKnownFileType = sourcecode.c.c; path = dishizhang4.c; sourceTree = "<group>"; };
		92BC6C921BE0A6FA00948692 /* dishizhang5.c */ = {isa = PBXFileReference; fileEncoding = 4; lastKnownFileType = sourcecode.c.c; path = dishizhang5.c; sourceTree = "<group>"; };
		92BC6C941BE0ACAF00948692 /* dishizhang6.c */ = {isa = PBXFileReference; fileEncoding = 4; lastKnownFileType = sourcecode.c.c; path = dishizhang6.c; sourceTree = "<group>"; };
		92BC6C961BE0B10100948692 /* dishizhang7.c */ = {isa = PBXFileReference; fileEncoding = 4; lastKnownFileType = sourcecode.c.c; path = dishizhang7.c; sourceTree = "<group>"; };
		92BC6C981BE0B5A000948692 /* dishizhang8.c */ = {isa = PBXFileReference; fileEncoding = 4; lastKnownFileType = sourcecode.c.c; path = dishizhang8.c; sourceTree = "<group>"; };
		92BC6C9A1BE0C1D600948692 /* dishizhang9.c */ = {isa = PBXFileReference; fileEncoding = 4; lastKnownFileType = sourcecode.c.c; path = dishizhang9.c; sourceTree = "<group>"; };
		92BC6C9C1BE0CD3F00948692 /* dishizhang10.c */ = {isa = PBXFileReference; fileEncoding = 4; lastKnownFileType = sourcecode.c.c; path = dishizhang10.c; sourceTree = "<group>"; };
		92BC6C9E1BE0E3E700948692 /* dishizhang11.c */ = {isa = PBXFileReference; fileEncoding = 4; lastKnownFileType = sourcecode.c.c; path = dishizhang11.c; sourceTree = "<group>"; };
/* End PBXFileReference section */

/* Begin PBXFrameworksBuildPhase section */
		921298751BDF792800819894 /* Frameworks */ = {
			isa = PBXFrameworksBuildPhase;
			buildActionMask = 2147483647;
			files = (
			);
			runOnlyForDeploymentPostprocessing = 0;
		};
/* End PBXFrameworksBuildPhase section */

/* Begin PBXGroup section */
		9212986F1BDF792800819894 = {
			isa = PBXGroup;
			children = (
				9212987A1BDF792800819894 /* dishizhang */,
				921298791BDF792800819894 /* Products */,
			);
			sourceTree = "<group>";
		};
		921298791BDF792800819894 /* Products */ = {
			isa = PBXGroup;
			children = (
				921298781BDF792800819894 /* dishizhang */,
			);
			name = Products;
			sourceTree = "<group>";
		};
		9212987A1BDF792800819894 /* dishizhang */ = {
			isa = PBXGroup;
			children = (
				9212987B1BDF792800819894 /* main.c */,
				920B58C21BE0552500343811 /* dishizhang1.c */,
				920B58C51BE05CA800343811 /* dishizhang2.c */,
				92BC6C8D1BE0856800948692 /* dishizhang3.c */,
				92BC6C8F1BE09EBA00948692 /* dishizhang4.c */,
				92BC6C921BE0A6FA00948692 /* dishizhang5.c */,
				92BC6C941BE0ACAF00948692 /* dishizhang6.c */,
				92BC6C961BE0B10100948692 /* dishizhang7.c */,
				92BC6C981BE0B5A000948692 /* dishizhang8.c */,
				92BC6C9A1BE0C1D600948692 /* dishizhang9.c */,
				92BC6C9C1BE0CD3F00948692 /* dishizhang10.c */,
				92BC6C9E1BE0E3E700948692 /* dishizhang11.c */,
				92ABDD1F1BE1BB600083C056 /* dishizhang12.c */,
				92ABDD271BE1F1380083C056 /* dishizhang13.c */,
				92ABDD291BE1FD7B0083C056 /* dishizhang14.c */,
				92ABDD2B1BE20A890083C056 /* dishizhang15.c */,
			);
			path = dishizhang;
			sourceTree = "<group>";
		};
/* End PBXGroup section */

/* Begin PBXNativeTarget section */
		921298771BDF792800819894 /* dishizhang */ = {
			isa = PBXNativeTarget;
			buildConfigurationList = 9212987F1BDF792800819894 /* Build configuration list for PBXNativeTarget "dishizhang" */;
			buildPhases = (
				921298741BDF792800819894 /* Sources */,
				921298751BDF792800819894 /* Frameworks */,
				921298761BDF792800819894 /* CopyFiles */,
			);
			buildRules = (
			);
			dependencies = (
			);
			name = dishizhang;
			productName = dishizhang;
			productReference = 921298781BDF792800819894 /* dishizhang */;
			productType = "com.apple.product-type.tool";
		};
/* End PBXNativeTarget section */

/* Begin PBXProject section */
		921298701BDF792800819894 /* Project object */ = {
			isa = PBXProject;
			attributes = {
				LastUpgradeCheck = 0700;
				ORGANIZATIONNAME = csii;
				TargetAttributes = {
					921298771BDF792800819894 = {
						CreatedOnToolsVersion = 7.0.1;
					};
				};
			};
			buildConfigurationList = 921298731BDF792800819894 /* Build configuration list for PBXProject "dishizhang" */;
			compatibilityVersion = "Xcode 3.2";
			developmentRegion = English;
			hasScannedForEncodings = 0;
			knownRegions = (
				en,
			);
			mainGroup = 9212986F1BDF792800819894;
			productRefGroup = 921298791BDF792800819894 /* Products */;
			projectDirPath = "";
			projectRoot = "";
			targets = (
				921298771BDF792800819894 /* dishizhang */,
			);
		};
/* End PBXProject section */

/* Begin PBXSourcesBuildPhase section */
		921298741BDF792800819894 /* Sources */ = {
			isa = PBXSourcesBuildPhase;
			buildActionMask = 2147483647;
			files = (
				92ABDD2C1BE20A890083C056 /* dishizhang15.c in Sources */,
			);
			runOnlyForDeploymentPostprocessing = 0;
		};
/* End PBXSourcesBuildPhase section */

/* Begin XCBuildConfiguration section */
		9212987D1BDF792800819894 /* Debug */ = {
			isa = XCBuildConfiguration;
			buildSettings = {
				ALWAYS_SEARCH_USER_PATHS = NO;
				CLANG_CXX_LANGUAGE_STANDARD = "gnu++0x";
				CLANG_CXX_LIBRARY = "libc++";
				CLANG_ENABLE_MODULES = YES;
				CLANG_ENABLE_OBJC_ARC = YES;
				CLANG_WARN_BOOL_CONVERSION = YES;
				CLANG_WARN_CONSTANT_CONVERSION = YES;
				CLANG_WARN_DIRECT_OBJC_ISA_USAGE = YES_ERROR;
				CLANG_WARN_EMPTY_BODY = YES;
				CLANG_WARN_ENUM_CONVERSION = YES;
				CLANG_WARN_INT_CONVERSION = YES;
				CLANG_WARN_OBJC_ROOT_CLASS = YES_ERROR;
				CLANG_WARN_UNREACHABLE_CODE = YES;
				CLANG_WARN__DUPLICATE_METHOD_MATCH = YES;
				COPY_PHASE_STRIP = NO;
				DEBUG_INFORMATION_FORMAT = dwarf;
				ENABLE_STRICT_OBJC_MSGSEND = YES;
				ENABLE_TESTABILITY = YES;
				GCC_C_LANGUAGE_STANDARD = gnu99;
				GCC_DYNAMIC_NO_PIC = NO;
				GCC_NO_COMMON_BLOCKS = YES;
				GCC_OPTIMIZATION_LEVEL = 0;
				GCC_PREPROCESSOR_DEFINITIONS = (
					"DEBUG=1",
					"$(inherited)",
				);
				GCC_WARN_64_TO_32_BIT_CONVERSION = YES;
				GCC_WARN_ABOUT_RETURN_TYPE = YES_ERROR;
				GCC_WARN_UNDECLARED_SELECTOR = YES;
				GCC_WARN_UNINITIALIZED_AUTOS = YES_AGGRESSIVE;
				GCC_WARN_UNUSED_FUNCTION = YES;
				GCC_WARN_UNUSED_VARIABLE = YES;
				MACOSX_DEPLOYMENT_TARGET = 10.10;
				MTL_ENABLE_DEBUG_INFO = YES;
				ONLY_ACTIVE_ARCH = YES;
				SDKROOT = macosx;
			};
			name = Debug;
		};
		9212987E1BDF792800819894 /* Release */ = {
			isa = XCBuildConfiguration;
			buildSettings = {
				ALWAYS_SEARCH_USER_PATHS = NO;
				CLANG_CXX_LANGUAGE_STANDARD = "gnu++0x";
				CLANG_CXX_LIBRARY = "libc++";
				CLANG_ENABLE_MODULES = YES;
				CLANG_ENABLE_OBJC_ARC = YES;
				CLANG_WARN_BOOL_CONVERSION = YES;
				CLANG_WARN_CONSTANT_CONVERSION = YES;
				CLANG_WARN_DIRECT_OBJC_ISA_USAGE = YES_ERROR;
				CLANG_WARN_EMPTY_BODY = YES;
				CLANG_WARN_ENUM_CONVERSION = YES;
				CLANG_WARN_INT_CONVERSION = YES;
				CLANG_WARN_OBJC_ROOT_CLASS = YES_ERROR;
				CLANG_WARN_UNREACHABLE_CODE = YES;
				CLANG_WARN__DUPLICATE_METHOD_MATCH = YES;
				COPY_PHASE_STRIP = NO;
				DEBUG_INFORMATION_FORMAT = "dwarf-with-dsym";
				ENABLE_NS_ASSERTIONS = NO;
				ENABLE_STRICT_OBJC_MSGSEND = YES;
				GCC_C_LANGUAGE_STANDARD = gnu99;
				GCC_NO_COMMON_BLOCKS = YES;
				GCC_WARN_64_TO_32_BIT_CONVERSION = YES;
				GCC_WARN_ABOUT_RETURN_TYPE = YES_ERROR;
				GCC_WARN_UNDECLARED_SELECTOR = YES;
				GCC_WARN_UNINITIALIZED_AUTOS = YES_AGGRESSIVE;
				GCC_WARN_UNUSED_FUNCTION = YES;
				GCC_WARN_UNUSED_VARIABLE = YES;
				MACOSX_DEPLOYMENT_TARGET = 10.10;
				MTL_ENABLE_DEBUG_INFO = NO;
				SDKROOT = macosx;
			};
			name = Release;
		};
		921298801BDF792800819894 /* Debug */ = {
			isa = XCBuildConfiguration;
			buildSettings = {
				PRODUCT_NAME = "$(TARGET_NAME)";
			};
			name = Debug;
		};
		921298811BDF792800819894 /* Release */ = {
			isa = XCBuildConfiguration;
			buildSettings = {
				PRODUCT_NAME = "$(TARGET_NAME)";
			};
			name = Release;
		};
/* End XCBuildConfiguration section */

/* Begin XCConfigurationList section */
		921298731BDF792800819894 /* Build configuration list for PBXProject "dishizhang" */ = {
			isa = XCConfigurationList;
			buildConfigurations = (
				9212987D1BDF792800819894 /* Debug */,
				9212987E1BDF792800819894 /* Release */,
			);
			defaultConfigurationIsVisible = 0;
			defaultConfigurationName = Release;
		};
		9212987F1BDF792800819894 /* Build configuration list for PBXNativeTarget "dishizhang" */ = {
			isa = XCConfigurationList;
			buildConfigurations = (
				921298801BDF792800819894 /* Debug */,
				921298811BDF792800819894 /* Release */,
			);
			defaultConfigurationIsVisible = 0;
			defaultConfigurationName = Release;
		};
/* End XCConfigurationList section */
	};
	rootObject = 921298701BDF792800819894 /* Project object */;
}
