// !$*UTF8*$!
{
	archiveVersion = 1;
	classes = {
	};
	objectVersion = 46;
	objects = {

/* Begin PBXBuildFile section */
		923F978E1BE8A0F100D6D7D9 /* dishiyizhang22.c in Sources */ = {isa = PBXBuildFile; fileRef = 923F978D1BE8A0F100D6D7D9 /* dishiyizhang22.c */; };
		923F97901BE8A7D600D6D7D9 /* dishiyizhang23.c in Sources */ = {isa = PBXBuildFile; fileRef = 923F978F1BE8A7D600D6D7D9 /* dishiyizhang23.c */; };
/* End PBXBuildFile section */

/* Begin PBXCopyFilesBuildPhase section */
		92ABDD471BE2152E0083C056 /* CopyFiles */ = {
			isa = PBXCopyFilesBuildPhase;
			buildActionMask = 2147483647;
			dstPath = /usr/share/man/man1/;
			dstSubfolderSpec = 0;
			files = (
			);
			runOnlyForDeploymentPostprocessing = 1;
		};
/* End PBXCopyFilesBuildPhase section */

/* Begin PBXFileReference section */
		92005C731BE6FE5C002A0E4A /* dishiyizhang2.c */ = {isa = PBXFileReference; fileEncoding = 4; lastKnownFileType = sourcecode.c.c; path = dishiyizhang2.c; sourceTree = "<group>"; };
		92005C751BE7041D002A0E4A /* dishiyizhang3.c */ = {isa = PBXFileReference; fileEncoding = 4; lastKnownFileType = sourcecode.c.c; path = dishiyizhang3.c; sourceTree = "<group>"; };
		92005C771BE706BC002A0E4A /* dishiyizhang4.c */ = {isa = PBXFileReference; fileEncoding = 4; lastKnownFileType = sourcecode.c.c; path = dishiyizhang4.c; sourceTree = "<group>"; };
		92005C7D1BE71C65002A0E4A /* dishiyizhang5.c */ = {isa = PBXFileReference; fileEncoding = 4; lastKnownFileType = sourcecode.c.c; path = dishiyizhang5.c; sourceTree = "<group>"; };
		92005C811BE7351A002A0E4A /* dishiyizhang6.c */ = {isa = PBXFileReference; fileEncoding = 4; lastKnownFileType = sourcecode.c.c; path = dishiyizhang6.c; sourceTree = "<group>"; };
		92005C831BE738C4002A0E4A /* dishiyizhang7.c */ = {isa = PBXFileReference; fileEncoding = 4; lastKnownFileType = sourcecode.c.c; path = dishiyizhang7.c; sourceTree = "<group>"; };
		92005C861BE73DB4002A0E4A /* dishiyizhang8.c */ = {isa = PBXFileReference; fileEncoding = 4; lastKnownFileType = sourcecode.c.c; path = dishiyizhang8.c; sourceTree = "<group>"; };
		92005C881BE74124002A0E4A /* dishiyizhang9.c */ = {isa = PBXFileReference; fileEncoding = 4; lastKnownFileType = sourcecode.c.c; path = dishiyizhang9.c; sourceTree = "<group>"; };
		923F97741BE7910700D6D7D9 /* dishiyizhang12.c */ = {isa = PBXFileReference; fileEncoding = 4; lastKnownFileType = sourcecode.c.c; path = dishiyizhang12.c; sourceTree = "<group>"; };
		923F97761BE7954000D6D7D9 /* dishiyizhang13.c */ = {isa = PBXFileReference; fileEncoding = 4; lastKnownFileType = sourcecode.c.c; path = dishiyizhang13.c; sourceTree = "<group>"; };
		923F97781BE7A18E00D6D7D9 /* dishiyizhang14.c */ = {isa = PBXFileReference; fileEncoding = 4; lastKnownFileType = sourcecode.c.c; path = dishiyizhang14.c; sourceTree = "<group>"; };
		923F977A1BE83EF200D6D7D9 /* dishiyizhang15.c */ = {isa = PBXFileReference; fileEncoding = 4; lastKnownFileType = sourcecode.c.c; path = dishiyizhang15.c; sourceTree = "<group>"; };
		923F977C1BE84AF000D6D7D9 /* dishiyizhang16.c */ = {isa = PBXFileReference; fileEncoding = 4; lastKnownFileType = sourcecode.c.c; path = dishiyizhang16.c; sourceTree = "<group>"; };
		923F97801BE85F2E00D6D7D9 /* dishiyizhang17.c */ = {isa = PBXFileReference; fileEncoding = 4; lastKnownFileType = sourcecode.c.c; path = dishiyizhang17.c; sourceTree = "<group>"; };
		923F97821BE88B2B00D6D7D9 /* dishiyizhang18.c */ = {isa = PBXFileReference; fileEncoding = 4; lastKnownFileType = sourcecode.c.c; path = dishiyizhang18.c; sourceTree = "<group>"; };
		923F97861BE89DEF00D6D7D9 /* dishiyizhang19.c */ = {isa = PBXFileReference; fileEncoding = 4; lastKnownFileType = sourcecode.c.c; path = dishiyizhang19.c; sourceTree = "<group>"; };
		923F97881BE89E7C00D6D7D9 /* dishiyizhang20.c */ = {isa = PBXFileReference; fileEncoding = 4; lastKnownFileType = sourcecode.c.c; path = dishiyizhang20.c; sourceTree = "<group>"; };
		923F978A1BE89F4100D6D7D9 /* dishiyizhang21.c */ = {isa = PBXFileReference; fileEncoding = 4; lastKnownFileType = sourcecode.c.c; path = dishiyizhang21.c; sourceTree = "<group>"; };
		923F978D1BE8A0F100D6D7D9 /* dishiyizhang22.c */ = {isa = PBXFileReference; fileEncoding = 4; lastKnownFileType = sourcecode.c.c; path = dishiyizhang22.c; sourceTree = "<group>"; };
		923F978F1BE8A7D600D6D7D9 /* dishiyizhang23.c */ = {isa = PBXFileReference; fileEncoding = 4; lastKnownFileType = sourcecode.c.c; path = dishiyizhang23.c; sourceTree = "<group>"; };
		92ABDD491BE2152E0083C056 /* dishiyizhang */ = {isa = PBXFileReference; explicitFileType = "compiled.mach-o.executable"; includeInIndex = 0; path = dishiyizhang; sourceTree = BUILT_PRODUCTS_DIR; };
		92ABDD4C1BE2152E0083C056 /* main.c */ = {isa = PBXFileReference; lastKnownFileType = sourcecode.c.c; path = main.c; sourceTree = "<group>"; };
		92ABDD531BE2159A0083C056 /* dishiyizhang1.c */ = {isa = PBXFileReference; fileEncoding = 4; lastKnownFileType = sourcecode.c.c; path = dishiyizhang1.c; sourceTree = "<group>"; };
		92CA1E1B1BE75EBE000B4610 /* dishiyizhang10.c */ = {isa = PBXFileReference; fileEncoding = 4; lastKnownFileType = sourcecode.c.c; path = dishiyizhang10.c; sourceTree = "<group>"; };
		92CA1E1D1BE76418000B4610 /* dishiyizhang11.c */ = {isa = PBXFileReference; fileEncoding = 4; lastKnownFileType = sourcecode.c.c; path = dishiyizhang11.c; sourceTree = "<group>"; };
/* End PBXFileReference section */

/* Begin PBXFrameworksBuildPhase section */
		92ABDD461BE2152E0083C056 /* Frameworks */ = {
			isa = PBXFrameworksBuildPhase;
			buildActionMask = 2147483647;
			files = (
			);
			runOnlyForDeploymentPostprocessing = 0;
		};
/* End PBXFrameworksBuildPhase section */

/* Begin PBXGroup section */
		92ABDD401BE2152E0083C056 = {
			isa = PBXGroup;
			children = (
				92ABDD4B1BE2152E0083C056 /* dishiyizhang */,
				92ABDD4A1BE2152E0083C056 /* Products */,
			);
			sourceTree = "<group>";
		};
		92ABDD4A1BE2152E0083C056 /* Products */ = {
			isa = PBXGroup;
			children = (
				92ABDD491BE2152E0083C056 /* dishiyizhang */,
			);
			name = Products;
			sourceTree = "<group>";
		};
		92ABDD4B1BE2152E0083C056 /* dishiyizhang */ = {
			isa = PBXGroup;
			children = (
				92ABDD4C1BE2152E0083C056 /* main.c */,
				92ABDD531BE2159A0083C056 /* dishiyizhang1.c */,
				92005C731BE6FE5C002A0E4A /* dishiyizhang2.c */,
				92005C751BE7041D002A0E4A /* dishiyizhang3.c */,
				92005C771BE706BC002A0E4A /* dishiyizhang4.c */,
				92005C7D1BE71C65002A0E4A /* dishiyizhang5.c */,
				92005C811BE7351A002A0E4A /* dishiyizhang6.c */,
				92005C831BE738C4002A0E4A /* dishiyizhang7.c */,
				92005C861BE73DB4002A0E4A /* dishiyizhang8.c */,
				92005C881BE74124002A0E4A /* dishiyizhang9.c */,
				92CA1E1B1BE75EBE000B4610 /* dishiyizhang10.c */,
				92CA1E1D1BE76418000B4610 /* dishiyizhang11.c */,
				923F97741BE7910700D6D7D9 /* dishiyizhang12.c */,
				923F97761BE7954000D6D7D9 /* dishiyizhang13.c */,
				923F97781BE7A18E00D6D7D9 /* dishiyizhang14.c */,
				923F977A1BE83EF200D6D7D9 /* dishiyizhang15.c */,
				923F977C1BE84AF000D6D7D9 /* dishiyizhang16.c */,
				923F97801BE85F2E00D6D7D9 /* dishiyizhang17.c */,
				923F97821BE88B2B00D6D7D9 /* dishiyizhang18.c */,
				923F97861BE89DEF00D6D7D9 /* dishiyizhang19.c */,
				923F97881BE89E7C00D6D7D9 /* dishiyizhang20.c */,
				923F978A1BE89F4100D6D7D9 /* dishiyizhang21.c */,
				923F978D1BE8A0F100D6D7D9 /* dishiyizhang22.c */,
				923F978F1BE8A7D600D6D7D9 /* dishiyizhang23.c */,
			);
			path = dishiyizhang;
			sourceTree = "<group>";
		};
/* End PBXGroup section */

/* Begin PBXNativeTarget section */
		92ABDD481BE2152E0083C056 /* dishiyizhang */ = {
			isa = PBXNativeTarget;
			buildConfigurationList = 92ABDD501BE2152E0083C056 /* Build configuration list for PBXNativeTarget "dishiyizhang" */;
			buildPhases = (
				92ABDD451BE2152E0083C056 /* Sources */,
				92ABDD461BE2152E0083C056 /* Frameworks */,
				92ABDD471BE2152E0083C056 /* CopyFiles */,
			);
			buildRules = (
			);
			dependencies = (
			);
			name = dishiyizhang;
			productName = dishiyizhang;
			productReference = 92ABDD491BE2152E0083C056 /* dishiyizhang */;
			productType = "com.apple.product-type.tool";
		};
/* End PBXNativeTarget section */

/* Begin PBXProject section */
		92ABDD411BE2152E0083C056 /* Project object */ = {
			isa = PBXProject;
			attributes = {
				LastUpgradeCheck = 0700;
				ORGANIZATIONNAME = csii;
				TargetAttributes = {
					92ABDD481BE2152E0083C056 = {
						CreatedOnToolsVersion = 7.0.1;
					};
				};
			};
			buildConfigurationList = 92ABDD441BE2152E0083C056 /* Build configuration list for PBXProject "dishiyizhang" */;
			compatibilityVersion = "Xcode 3.2";
			developmentRegion = English;
			hasScannedForEncodings = 0;
			knownRegions = (
				en,
			);
			mainGroup = 92ABDD401BE2152E0083C056;
			productRefGroup = 92ABDD4A1BE2152E0083C056 /* Products */;
			projectDirPath = "";
			projectRoot = "";
			targets = (
				92ABDD481BE2152E0083C056 /* dishiyizhang */,
			);
		};
/* End PBXProject section */

/* Begin PBXSourcesBuildPhase section */
		92ABDD451BE2152E0083C056 /* Sources */ = {
			isa = PBXSourcesBuildPhase;
			buildActionMask = 2147483647;
			files = (
				923F978E1BE8A0F100D6D7D9 /* dishiyizhang22.c in Sources */,
				923F97901BE8A7D600D6D7D9 /* dishiyizhang23.c in Sources */,
			);
			runOnlyForDeploymentPostprocessing = 0;
		};
/* End PBXSourcesBuildPhase section */

/* Begin XCBuildConfiguration section */
		92ABDD4E1BE2152E0083C056 /* Debug */ = {
			isa = XCBuildConfiguration;
			buildSettings = {
				ALWAYS_SEARCH_USER_PATHS = NO;
				CLANG_CXX_LANGUAGE_STANDARD = "gnu++0x";
				CLANG_CXX_LIBRARY = "libc++";
				CLANG_ENABLE_MODULES = YES;
				CLANG_ENABLE_OBJC_ARC = YES;
				CLANG_WARN_BOOL_CONVERSION = YES;
				CLANG_WARN_CONSTANT_CONVERSION = YES;
				CLANG_WARN_DIRECT_OBJC_ISA_USAGE = YES_ERROR;
				CLANG_WARN_EMPTY_BODY = YES;
				CLANG_WARN_ENUM_CONVERSION = YES;
				CLANG_WARN_INT_CONVERSION = YES;
				CLANG_WARN_OBJC_ROOT_CLASS = YES_ERROR;
				CLANG_WARN_UNREACHABLE_CODE = YES;
				CLANG_WARN__DUPLICATE_METHOD_MATCH = YES;
				COPY_PHASE_STRIP = NO;
				DEBUG_INFORMATION_FORMAT = dwarf;
				ENABLE_STRICT_OBJC_MSGSEND = YES;
				ENABLE_TESTABILITY = YES;
				GCC_C_LANGUAGE_STANDARD = gnu99;
				GCC_DYNAMIC_NO_PIC = NO;
				GCC_NO_COMMON_BLOCKS = YES;
				GCC_OPTIMIZATION_LEVEL = 0;
				GCC_PREPROCESSOR_DEFINITIONS = (
					"DEBUG=1",
					"$(inherited)",
				);
				GCC_WARN_64_TO_32_BIT_CONVERSION = YES;
				GCC_WARN_ABOUT_RETURN_TYPE = YES_ERROR;
				GCC_WARN_UNDECLARED_SELECTOR = YES;
				GCC_WARN_UNINITIALIZED_AUTOS = YES_AGGRESSIVE;
				GCC_WARN_UNUSED_FUNCTION = YES;
				GCC_WARN_UNUSED_VARIABLE = YES;
				MACOSX_DEPLOYMENT_TARGET = 10.10;
				MTL_ENABLE_DEBUG_INFO = YES;
				ONLY_ACTIVE_ARCH = YES;
				SDKROOT = macosx;
			};
			name = Debug;
		};
		92ABDD4F1BE2152E0083C056 /* Release */ = {
			isa = XCBuildConfiguration;
			buildSettings = {
				ALWAYS_SEARCH_USER_PATHS = NO;
				CLANG_CXX_LANGUAGE_STANDARD = "gnu++0x";
				CLANG_CXX_LIBRARY = "libc++";
				CLANG_ENABLE_MODULES = YES;
				CLANG_ENABLE_OBJC_ARC = YES;
				CLANG_WARN_BOOL_CONVERSION = YES;
				CLANG_WARN_CONSTANT_CONVERSION = YES;
				CLANG_WARN_DIRECT_OBJC_ISA_USAGE = YES_ERROR;
				CLANG_WARN_EMPTY_BODY = YES;
				CLANG_WARN_ENUM_CONVERSION = YES;
				CLANG_WARN_INT_CONVERSION = YES;
				CLANG_WARN_OBJC_ROOT_CLASS = YES_ERROR;
				CLANG_WARN_UNREACHABLE_CODE = YES;
				CLANG_WARN__DUPLICATE_METHOD_MATCH = YES;
				COPY_PHASE_STRIP = NO;
				DEBUG_INFORMATION_FORMAT = "dwarf-with-dsym";
				ENABLE_NS_ASSERTIONS = NO;
				ENABLE_STRICT_OBJC_MSGSEND = YES;
				GCC_C_LANGUAGE_STANDARD = gnu99;
				GCC_NO_COMMON_BLOCKS = YES;
				GCC_WARN_64_TO_32_BIT_CONVERSION = YES;
				GCC_WARN_ABOUT_RETURN_TYPE = YES_ERROR;
				GCC_WARN_UNDECLARED_SELECTOR = YES;
				GCC_WARN_UNINITIALIZED_AUTOS = YES_AGGRESSIVE;
				GCC_WARN_UNUSED_FUNCTION = YES;
				GCC_WARN_UNUSED_VARIABLE = YES;
				MACOSX_DEPLOYMENT_TARGET = 10.10;
				MTL_ENABLE_DEBUG_INFO = NO;
				SDKROOT = macosx;
			};
			name = Release;
		};
		92ABDD511BE2152E0083C056 /* Debug */ = {
			isa = XCBuildConfiguration;
			buildSettings = {
				PRODUCT_NAME = "$(TARGET_NAME)";
			};
			name = Debug;
		};
		92ABDD521BE2152E0083C056 /* Release */ = {
			isa = XCBuildConfiguration;
			buildSettings = {
				PRODUCT_NAME = "$(TARGET_NAME)";
			};
			name = Release;
		};
/* End XCBuildConfiguration section */

/* Begin XCConfigurationList section */
		92ABDD441BE2152E0083C056 /* Build configuration list for PBXProject "dishiyizhang" */ = {
			isa = XCConfigurationList;
			buildConfigurations = (
				92ABDD4E1BE2152E0083C056 /* Debug */,
				92ABDD4F1BE2152E0083C056 /* Release */,
			);
			defaultConfigurationIsVisible = 0;
			defaultConfigurationName = Release;
		};
		92ABDD501BE2152E0083C056 /* Build configuration list for PBXNativeTarget "dishiyizhang" */ = {
			isa = XCConfigurationList;
			buildConfigurations = (
				92ABDD511BE2152E0083C056 /* Debug */,
				92ABDD521BE2152E0083C056 /* Release */,
			);
			defaultConfigurationIsVisible = 0;
			defaultConfigurationName = Release;
		};
/* End XCConfigurationList section */
	};
	rootObject = 92ABDD411BE2152E0083C056 /* Project object */;
}
