// !$*UTF8*$!
{
	archiveVersion = 1;
	classes = {
	};
	objectVersion = 46;
	objects = {

/* Begin PBXBuildFile section */
		92270CE51C85AE99006073C3 /* main.c in Sources */ = {isa = PBXBuildFile; fileRef = 925916F31BD71B3100764171 /* main.c */; };
/* End PBXBuildFile section */

/* Begin PBXCopyFilesBuildPhase section */
		925916EE1BD71B3100764171 /* CopyFiles */ = {
			isa = PBXCopyFilesBuildPhase;
			buildActionMask = 2147483647;
			dstPath = /usr/share/man/man1/;
			dstSubfolderSpec = 0;
			files = (
			);
			runOnlyForDeploymentPostprocessing = 1;
		};
/* End PBXCopyFilesBuildPhase section */

/* Begin PBXFileReference section */
		925916F01BD71B3100764171 /* clianxi */ = {isa = PBXFileReference; explicitFileType = "compiled.mach-o.executable"; includeInIndex = 0; path = clianxi; sourceTree = BUILT_PRODUCTS_DIR; };
		925916F31BD71B3100764171 /* main.c */ = {isa = PBXFileReference; lastKnownFileType = sourcecode.c.c; path = main.c; sourceTree = "<group>"; };
		925916FF1BD729B300764171 /* diwuzhang.c */ = {isa = PBXFileReference; fileEncoding = 4; lastKnownFileType = sourcecode.c.c; path = diwuzhang.c; sourceTree = "<group>"; };
		925917011BD7AFC700764171 /* diliuzhang.c */ = {isa = PBXFileReference; fileEncoding = 4; lastKnownFileType = sourcecode.c.c; path = diliuzhang.c; sourceTree = "<group>"; };
		925917031BD86A6000764171 /* diliuzhang1.c */ = {isa = PBXFileReference; fileEncoding = 4; lastKnownFileType = sourcecode.c.c; path = diliuzhang1.c; sourceTree = "<group>"; };
		92FBEFEB1BD8C84300448951 /* diliuzhang2.c */ = {isa = PBXFileReference; fileEncoding = 4; lastKnownFileType = sourcecode.c.c; path = diliuzhang2.c; sourceTree = "<group>"; };
		92FBEFED1BD8D64000448951 /* diliuzhang3.c */ = {isa = PBXFileReference; fileEncoding = 4; lastKnownFileType = sourcecode.c.c; path = diliuzhang3.c; sourceTree = "<group>"; };
		92FBEFEF1BD8FE6100448951 /* diliuzhang4.c */ = {isa = PBXFileReference; fileEncoding = 4; lastKnownFileType = sourcecode.c.c; path = diliuzhang4.c; sourceTree = "<group>"; };
/* End PBXFileReference section */

/* Begin PBXFrameworksBuildPhase section */
		925916ED1BD71B3100764171 /* Frameworks */ = {
			isa = PBXFrameworksBuildPhase;
			buildActionMask = 2147483647;
			files = (
			);
			runOnlyForDeploymentPostprocessing = 0;
		};
/* End PBXFrameworksBuildPhase section */

/* Begin PBXGroup section */
		925916E71BD71B3100764171 = {
			isa = PBXGroup;
			children = (
				925916F21BD71B3100764171 /* clianxi */,
				925916F11BD71B3100764171 /* Products */,
			);
			sourceTree = "<group>";
		};
		925916F11BD71B3100764171 /* Products */ = {
			isa = PBXGroup;
			children = (
				925916F01BD71B3100764171 /* clianxi */,
			);
			name = Products;
			sourceTree = "<group>";
		};
		925916F21BD71B3100764171 /* clianxi */ = {
			isa = PBXGroup;
			children = (
				925916F31BD71B3100764171 /* main.c */,
				925916FF1BD729B300764171 /* diwuzhang.c */,
				925917011BD7AFC700764171 /* diliuzhang.c */,
				925917031BD86A6000764171 /* diliuzhang1.c */,
				92FBEFEB1BD8C84300448951 /* diliuzhang2.c */,
				92FBEFED1BD8D64000448951 /* diliuzhang3.c */,
				92FBEFEF1BD8FE6100448951 /* diliuzhang4.c */,
			);
			path = clianxi;
			sourceTree = "<group>";
		};
/* End PBXGroup section */

/* Begin PBXNativeTarget section */
		925916EF1BD71B3100764171 /* clianxi */ = {
			isa = PBXNativeTarget;
			buildConfigurationList = 925916F71BD71B3100764171 /* Build configuration list for PBXNativeTarget "clianxi" */;
			buildPhases = (
				925916EC1BD71B3100764171 /* Sources */,
				925916ED1BD71B3100764171 /* Frameworks */,
				925916EE1BD71B3100764171 /* CopyFiles */,
			);
			buildRules = (
			);
			dependencies = (
			);
			name = clianxi;
			productName = clianxi;
			productReference = 925916F01BD71B3100764171 /* clianxi */;
			productType = "com.apple.product-type.tool";
		};
/* End PBXNativeTarget section */

/* Begin PBXProject section */
		925916E81BD71B3100764171 /* Project object */ = {
			isa = PBXProject;
			attributes = {
				LastUpgradeCheck = 0700;
				ORGANIZATIONNAME = csii;
				TargetAttributes = {
					925916EF1BD71B3100764171 = {
						CreatedOnToolsVersion = 7.0.1;
					};
				};
			};
			buildConfigurationList = 925916EB1BD71B3100764171 /* Build configuration list for PBXProject "clianxi" */;
			compatibilityVersion = "Xcode 3.2";
			developmentRegion = English;
			hasScannedForEncodings = 0;
			knownRegions = (
				en,
			);
			mainGroup = 925916E71BD71B3100764171;
			productRefGroup = 925916F11BD71B3100764171 /* Products */;
			projectDirPath = "";
			projectRoot = "";
			targets = (
				925916EF1BD71B3100764171 /* clianxi */,
			);
		};
/* End PBXProject section */

/* Begin PBXSourcesBuildPhase section */
		925916EC1BD71B3100764171 /* Sources */ = {
			isa = PBXSourcesBuildPhase;
			buildActionMask = 2147483647;
			files = (
				92270CE51C85AE99006073C3 /* main.c in Sources */,
			);
			runOnlyForDeploymentPostprocessing = 0;
		};
/* End PBXSourcesBuildPhase section */

/* Begin XCBuildConfiguration section */
		925916F51BD71B3100764171 /* Debug */ = {
			isa = XCBuildConfiguration;
			buildSettings = {
				ALWAYS_SEARCH_USER_PATHS = NO;
				CLANG_CXX_LANGUAGE_STANDARD = "gnu++0x";
				CLANG_CXX_LIBRARY = "libc++";
				CLANG_ENABLE_MODULES = YES;
				CLANG_ENABLE_OBJC_ARC = YES;
				CLANG_WARN_BOOL_CONVERSION = YES;
				CLANG_WARN_CONSTANT_CONVERSION = YES;
				CLANG_WARN_DIRECT_OBJC_ISA_USAGE = YES_ERROR;
				CLANG_WARN_EMPTY_BODY = YES;
				CLANG_WARN_ENUM_CONVERSION = YES;
				CLANG_WARN_INT_CONVERSION = YES;
				CLANG_WARN_OBJC_ROOT_CLASS = YES_ERROR;
				CLANG_WARN_UNREACHABLE_CODE = YES;
				CLANG_WARN__DUPLICATE_METHOD_MATCH = YES;
				COPY_PHASE_STRIP = NO;
				DEBUG_INFORMATION_FORMAT = dwarf;
				ENABLE_STRICT_OBJC_MSGSEND = YES;
				ENABLE_TESTABILITY = YES;
				GCC_C_LANGUAGE_STANDARD = gnu99;
				GCC_DYNAMIC_NO_PIC = NO;
				GCC_NO_COMMON_BLOCKS = YES;
				GCC_OPTIMIZATION_LEVEL = 0;
				GCC_PREPROCESSOR_DEFINITIONS = (
					"DEBUG=1",
					"$(inherited)",
				);
				GCC_WARN_64_TO_32_BIT_CONVERSION = YES;
				GCC_WARN_ABOUT_RETURN_TYPE = YES_ERROR;
				GCC_WARN_UNDECLARED_SELECTOR = YES;
				GCC_WARN_UNINITIALIZED_AUTOS = YES_AGGRESSIVE;
				GCC_WARN_UNUSED_FUNCTION = YES;
				GCC_WARN_UNUSED_VARIABLE = YES;
				MACOSX_DEPLOYMENT_TARGET = 10.10;
				MTL_ENABLE_DEBUG_INFO = YES;
				ONLY_ACTIVE_ARCH = YES;
				SDKROOT = macosx;
			};
			name = Debug;
		};
		925916F61BD71B3100764171 /* Release */ = {
			isa = XCBuildConfiguration;
			buildSettings = {
				ALWAYS_SEARCH_USER_PATHS = NO;
				CLANG_CXX_LANGUAGE_STANDARD = "gnu++0x";
				CLANG_CXX_LIBRARY = "libc++";
				CLANG_ENABLE_MODULES = YES;
				CLANG_ENABLE_OBJC_ARC = YES;
				CLANG_WARN_BOOL_CONVERSION = YES;
				CLANG_WARN_CONSTANT_CONVERSION = YES;
				CLANG_WARN_DIRECT_OBJC_ISA_USAGE = YES_ERROR;
				CLANG_WARN_EMPTY_BODY = YES;
				CLANG_WARN_ENUM_CONVERSION = YES;
				CLANG_WARN_INT_CONVERSION = YES;
				CLANG_WARN_OBJC_ROOT_CLASS = YES_ERROR;
				CLANG_WARN_UNREACHABLE_CODE = YES;
				CLANG_WARN__DUPLICATE_METHOD_MATCH = YES;
				COPY_PHASE_STRIP = NO;
				DEBUG_INFORMATION_FORMAT = "dwarf-with-dsym";
				ENABLE_NS_ASSERTIONS = NO;
				ENABLE_STRICT_OBJC_MSGSEND = YES;
				GCC_C_LANGUAGE_STANDARD = gnu99;
				GCC_NO_COMMON_BLOCKS = YES;
				GCC_WARN_64_TO_32_BIT_CONVERSION = YES;
				GCC_WARN_ABOUT_RETURN_TYPE = YES_ERROR;
				GCC_WARN_UNDECLARED_SELECTOR = YES;
				GCC_WARN_UNINITIALIZED_AUTOS = YES_AGGRESSIVE;
				GCC_WARN_UNUSED_FUNCTION = YES;
				GCC_WARN_UNUSED_VARIABLE = YES;
				MACOSX_DEPLOYMENT_TARGET = 10.10;
				MTL_ENABLE_DEBUG_INFO = NO;
				SDKROOT = macosx;
			};
			name = Release;
		};
		925916F81BD71B3100764171 /* Debug */ = {
			isa = XCBuildConfiguration;
			buildSettings = {
				PRODUCT_NAME = "$(TARGET_NAME)";
			};
			name = Debug;
		};
		925916F91BD71B3100764171 /* Release */ = {
			isa = XCBuildConfiguration;
			buildSettings = {
				PRODUCT_NAME = "$(TARGET_NAME)";
			};
			name = Release;
		};
/* End XCBuildConfiguration section */

/* Begin XCConfigurationList section */
		925916EB1BD71B3100764171 /* Build configuration list for PBXProject "clianxi" */ = {
			isa = XCConfigurationList;
			buildConfigurations = (
				925916F51BD71B3100764171 /* Debug */,
				925916F61BD71B3100764171 /* Release */,
			);
			defaultConfigurationIsVisible = 0;
			defaultConfigurationName = Release;
		};
		925916F71BD71B3100764171 /* Build configuration list for PBXNativeTarget "clianxi" */ = {
			isa = XCConfigurationList;
			buildConfigurations = (
				925916F81BD71B3100764171 /* Debug */,
				925916F91BD71B3100764171 /* Release */,
			);
			defaultConfigurationIsVisible = 0;
			defaultConfigurationName = Release;
		};
/* End XCConfigurationList section */
	};
	rootObject = 925916E81BD71B3100764171 /* Project object */;
}
